
Microsoft Visual Studio Solution File, Format Version 12.00
# Visual Studio 15
VisualStudioVersion = 15.0.28307.539
MinimumVisualStudioVersion = 10.0.40219.1
Project("{FAE04EC0-301F-11D3-BF4B-00C04F79EFBC}") = "Netflix", "Netflix\Netflix.csproj", "{CD8F4635-B475-43BF-AA91-20CD6E1A07A0}"
EndProject
Project("{FAE04EC0-301F-11D3-BF4B-00C04F79EFBC}") = "DAL", "DAL\DAL.csproj", "{53F19835-53F3-4E3B-91CC-17C8E6C930CC}"
EndProject
Project("{FAE04EC0-301F-11D3-BF4B-00C04F79EFBC}") = "BLL", "BLL\BLL.csproj", "{3CCDF344-CE24-440E-B1BB-AB78CD4E431B}"
EndProject
Global
	GlobalSection(SolutionConfigurationPlatforms) = preSolution
		Debug|Any CPU = Debug|Any CPU
		Release|Any CPU = Release|Any CPU
	EndGlobalSection
	GlobalSection(ProjectConfigurationPlatforms) = postSolution
		{CD8F4635-B475-43BF-AA91-20CD6E1A07A0}.Debug|Any CPU.ActiveCfg = Debug|Any CPU
		{CD8F4635-B475-43BF-AA91-20CD6E1A07A0}.Debug|Any CPU.Build.0 = Debug|Any CPU
		{CD8F4635-B475-43BF-AA91-20CD6E1A07A0}.Release|Any CPU.ActiveCfg = Release|Any CPU
		{CD8F4635-B475-43BF-AA91-20CD6E1A07A0}.Release|Any CPU.Build.0 = Release|Any CPU
		{53F19835-53F3-4E3B-91CC-17C8E6C930CC}.Debug|Any CPU.ActiveCfg = Debug|Any CPU
		{53F19835-53F3-4E3B-91CC-17C8E6C930CC}.Debug|Any CPU.Build.0 = Debug|Any CPU
		{53F19835-53F3-4E3B-91CC-17C8E6C930CC}.Release|Any CPU.ActiveCfg = Release|Any CPU
		{53F19835-53F3-4E3B-91CC-17C8E6C930CC}.Release|Any CPU.Build.0 = Release|Any CPU
		{3CCDF344-CE24-440E-B1BB-AB78CD4E431B}.Debug|Any CPU.ActiveCfg = Debug|Any CPU
		{3CCDF344-CE24-440E-B1BB-AB78CD4E431B}.Debug|Any CPU.Build.0 = Debug|Any CPU
		{3CCDF344-CE24-440E-B1BB-AB78CD4E431B}.Release|Any CPU.ActiveCfg = Release|Any CPU
		{3CCDF344-CE24-440E-B1BB-AB78CD4E431B}.Release|Any CPU.Build.0 = Release|Any CPU
	EndGlobalSection
	GlobalSection(SolutionProperties) = preSolution
		HideSolutionNode = FALSE
	EndGlobalSection
	GlobalSection(ExtensibilityGlobals) = postSolution
		SolutionGuid = {3C140098-D634-4962-AC4B-6DFD0A37B8CB}
	EndGlobalSection
EndGlobal
